// !$*UTF8*$!
{
	archiveVersion = 1;
	classes = {
	};
	objectVersion = 50;
	objects = {

/* Begin PBXBuildFile section */
		617BB68C2555092400393D4D /* BAAnimation.m in Sources */ = {isa = PBXBuildFile; fileRef = 617BB68B2555092400393D4D /* BAAnimation.m */; };
		617BB6962555203400393D4D /* BAKVOModel.m in Sources */ = {isa = PBXBuildFile; fileRef = 617BB6952555203400393D4D /* BAKVOModel.m */; };
		617BB6A02555246000393D4D /* BACalculateTwoNumber.m in Sources */ = {isa = PBXBuildFile; fileRef = 617BB69F2555246000393D4D /* BACalculateTwoNumber.m */; };
		6B1B24FED8E27E6C3D555732 /* libPods-BiteApple.a in Frameworks */ = {isa = PBXBuildFile; fileRef = 38208D9A0F7D5982F7A29FA7 /* libPods-BiteApple.a */; };
		E82B1A4E254670460075A141 /* QNChannelGuideHeadView.m in Sources */ = {isa = PBXBuildFile; fileRef = E82B1A4D254670460075A141 /* QNChannelGuideHeadView.m */; };
		E82B1B682547BA3A0075A141 /* BAThread.m in Sources */ = {isa = PBXBuildFile; fileRef = E82B1B672547BA3A0075A141 /* BAThread.m */; };
		E82B1D30254A62040075A141 /* BAMultiPageView.m in Sources */ = {isa = PBXBuildFile; fileRef = E82B1D2F254A62040075A141 /* BAMultiPageView.m */; };
		E82B1D36254A631D0075A141 /* BAMultiPageViewController.m in Sources */ = {isa = PBXBuildFile; fileRef = E82B1D35254A631D0075A141 /* BAMultiPageViewController.m */; };
		E82B1D3F254ABD760075A141 /* BAResponseChainView.m in Sources */ = {isa = PBXBuildFile; fileRef = E82B1D3E254ABD760075A141 /* BAResponseChainView.m */; };
		E87DF2F82545595E004A35DF /* BADeadLock.m in Sources */ = {isa = PBXBuildFile; fileRef = E87DF2F72545595E004A35DF /* BADeadLock.m */; };
		E87DF2FF254581A3004A35DF /* BALoader.m in Sources */ = {isa = PBXBuildFile; fileRef = E87DF2FE254581A3004A35DF /* BALoader.m */; };
		E87DF305254581D9004A35DF /* BALoaderChlid.m in Sources */ = {isa = PBXBuildFile; fileRef = E87DF304254581D9004A35DF /* BALoaderChlid.m */; };
		E87DF30B25458232004A35DF /* BALoader+BACategory.m in Sources */ = {isa = PBXBuildFile; fileRef = E87DF30A25458232004A35DF /* BALoader+BACategory.m */; };
		E87DF311254582FF004A35DF /* BALoaderChlid+BACategory.m in Sources */ = {isa = PBXBuildFile; fileRef = E87DF310254582FF004A35DF /* BALoaderChlid+BACategory.m */; };
		E8A17A5C2541B42600F8A4A9 /* BAJSCoreViewController.m in Sources */ = {isa = PBXBuildFile; fileRef = E8A17A5B2541B42600F8A4A9 /* BAJSCoreViewController.m */; };
		E8A17A6125428DD800F8A4A9 /* index.html in Resources */ = {isa = PBXBuildFile; fileRef = E8A17A6025428DD800F8A4A9 /* index.html */; };
		E8B2902025402A1B00D9ADC9 /* BACrashHandler.m in Sources */ = {isa = PBXBuildFile; fileRef = E8B2901F25402A1B00D9ADC9 /* BACrashHandler.m */; };
		E8E2BA152554193300CD00AB /* BARunLoop.m in Sources */ = {isa = PBXBuildFile; fileRef = E8E2BA142554193300CD00AB /* BARunLoop.m */; };
		E8FC00682525C25B00B72328 /* AppDelegate.m in Sources */ = {isa = PBXBuildFile; fileRef = E8FC00672525C25B00B72328 /* AppDelegate.m */; };
		E8FC006B2525C25B00B72328 /* SceneDelegate.m in Sources */ = {isa = PBXBuildFile; fileRef = E8FC006A2525C25B00B72328 /* SceneDelegate.m */; };
		E8FC006E2525C25B00B72328 /* ViewController.m in Sources */ = {isa = PBXBuildFile; fileRef = E8FC006D2525C25B00B72328 /* ViewController.m */; };
		E8FC00712525C25B00B72328 /* Main.storyboard in Resources */ = {isa = PBXBuildFile; fileRef = E8FC006F2525C25B00B72328 /* Main.storyboard */; };
		E8FC00732525C25D00B72328 /* Assets.xcassets in Resources */ = {isa = PBXBuildFile; fileRef = E8FC00722525C25D00B72328 /* Assets.xcassets */; };
		E8FC00762525C25D00B72328 /* LaunchScreen.storyboard in Resources */ = {isa = PBXBuildFile; fileRef = E8FC00742525C25D00B72328 /* LaunchScreen.storyboard */; };
		E8FC00792525C25D00B72328 /* main.m in Sources */ = {isa = PBXBuildFile; fileRef = E8FC00782525C25D00B72328 /* main.m */; };
		E8FC00832525C25D00B72328 /* BiteAppleTests.m in Sources */ = {isa = PBXBuildFile; fileRef = E8FC00822525C25D00B72328 /* BiteAppleTests.m */; };
		E8FC008E2525C25D00B72328 /* BiteAppleUITests.m in Sources */ = {isa = PBXBuildFile; fileRef = E8FC008D2525C25D00B72328 /* BiteAppleUITests.m */; };
		E8FC00A42525C62D00B72328 /* ObjcMsgSend.m in Sources */ = {isa = PBXBuildFile; fileRef = E8FC00A32525C62D00B72328 /* ObjcMsgSend.m */; };
		E8FC00B62526AFF100B72328 /* BADsipatchGroup.m in Sources */ = {isa = PBXBuildFile; fileRef = E8FC00B52526AFF100B72328 /* BADsipatchGroup.m */; };
/* End PBXBuildFile section */

/* Begin PBXContainerItemProxy section */
		E8FC007F2525C25D00B72328 /* PBXContainerItemProxy */ = {
			isa = PBXContainerItemProxy;
			containerPortal = E8FC005B2525C25B00B72328 /* Project object */;
			proxyType = 1;
			remoteGlobalIDString = E8FC00622525C25B00B72328;
			remoteInfo = BiteApple;
		};
		E8FC008A2525C25D00B72328 /* PBXContainerItemProxy */ = {
			isa = PBXContainerItemProxy;
			containerPortal = E8FC005B2525C25B00B72328 /* Project object */;
			proxyType = 1;
			remoteGlobalIDString = E8FC00622525C25B00B72328;
			remoteInfo = BiteApple;
		};
/* End PBXContainerItemProxy section */

/* Begin PBXFileReference section */
		1451670AD7B394428CD5B0F0 /* Pods-BiteApple.release.xcconfig */ = {isa = PBXFileReference; includeInIndex = 1; lastKnownFileType = text.xcconfig; name = "Pods-BiteApple.release.xcconfig"; path = "Target Support Files/Pods-BiteApple/Pods-BiteApple.release.xcconfig"; sourceTree = "<group>"; };
		38208D9A0F7D5982F7A29FA7 /* libPods-BiteApple.a */ = {isa = PBXFileReference; explicitFileType = archive.ar; includeInIndex = 0; path = "libPods-BiteApple.a"; sourceTree = BUILT_PRODUCTS_DIR; };
		617BB68A2555092400393D4D /* BAAnimation.h */ = {isa = PBXFileReference; lastKnownFileType = sourcecode.c.h; path = BAAnimation.h; sourceTree = "<group>"; };
		617BB68B2555092400393D4D /* BAAnimation.m */ = {isa = PBXFileReference; lastKnownFileType = sourcecode.c.objc; path = BAAnimation.m; sourceTree = "<group>"; };
		617BB6942555203400393D4D /* BAKVOModel.h */ = {isa = PBXFileReference; lastKnownFileType = sourcecode.c.h; path = BAKVOModel.h; sourceTree = "<group>"; };
		617BB6952555203400393D4D /* BAKVOModel.m */ = {isa = PBXFileReference; lastKnownFileType = sourcecode.c.objc; path = BAKVOModel.m; sourceTree = "<group>"; };
		617BB69E2555246000393D4D /* BACalculateTwoNumber.h */ = {isa = PBXFileReference; lastKnownFileType = sourcecode.c.h; path = BACalculateTwoNumber.h; sourceTree = "<group>"; };
		617BB69F2555246000393D4D /* BACalculateTwoNumber.m */ = {isa = PBXFileReference; lastKnownFileType = sourcecode.c.objc; path = BACalculateTwoNumber.m; sourceTree = "<group>"; };
		669728858F2DE1DA2E51AB5F /* Pods-BiteApple.debug.xcconfig */ = {isa = PBXFileReference; includeInIndex = 1; lastKnownFileType = text.xcconfig; name = "Pods-BiteApple.debug.xcconfig"; path = "Target Support Files/Pods-BiteApple/Pods-BiteApple.debug.xcconfig"; sourceTree = "<group>"; };
		E82B1A4C254670460075A141 /* QNChannelGuideHeadView.h */ = {isa = PBXFileReference; lastKnownFileType = sourcecode.c.h; path = QNChannelGuideHeadView.h; sourceTree = "<group>"; };
		E82B1A4D254670460075A141 /* QNChannelGuideHeadView.m */ = {isa = PBXFileReference; lastKnownFileType = sourcecode.c.objc; path = QNChannelGuideHeadView.m; sourceTree = "<group>"; };
		E82B1B662547BA3A0075A141 /* BAThread.h */ = {isa = PBXFileReference; lastKnownFileType = sourcecode.c.h; path = BAThread.h; sourceTree = "<group>"; };
		E82B1B672547BA3A0075A141 /* BAThread.m */ = {isa = PBXFileReference; lastKnownFileType = sourcecode.c.objc; path = BAThread.m; sourceTree = "<group>"; };
		E82B1D2E254A62040075A141 /* BAMultiPageView.h */ = {isa = PBXFileReference; lastKnownFileType = sourcecode.c.h; path = BAMultiPageView.h; sourceTree = "<group>"; };
		E82B1D2F254A62040075A141 /* BAMultiPageView.m */ = {isa = PBXFileReference; lastKnownFileType = sourcecode.c.objc; path = BAMultiPageView.m; sourceTree = "<group>"; };
		E82B1D34254A631D0075A141 /* BAMultiPageViewController.h */ = {isa = PBXFileReference; lastKnownFileType = sourcecode.c.h; path = BAMultiPageViewController.h; sourceTree = "<group>"; };
		E82B1D35254A631D0075A141 /* BAMultiPageViewController.m */ = {isa = PBXFileReference; lastKnownFileType = sourcecode.c.objc; path = BAMultiPageViewController.m; sourceTree = "<group>"; };
		E82B1D3D254ABD760075A141 /* BAResponseChainView.h */ = {isa = PBXFileReference; lastKnownFileType = sourcecode.c.h; path = BAResponseChainView.h; sourceTree = "<group>"; };
		E82B1D3E254ABD760075A141 /* BAResponseChainView.m */ = {isa = PBXFileReference; lastKnownFileType = sourcecode.c.objc; path = BAResponseChainView.m; sourceTree = "<group>"; };
		E82B204C254D8FA70075A141 /* Block.md */ = {isa = PBXFileReference; lastKnownFileType = net.daringfireball.markdown; path = Block.md; sourceTree = "<group>"; };
		E87DF2F62545595E004A35DF /* BADeadLock.h */ = {isa = PBXFileReference; lastKnownFileType = sourcecode.c.h; path = BADeadLock.h; sourceTree = "<group>"; };
		E87DF2F72545595E004A35DF /* BADeadLock.m */ = {isa = PBXFileReference; lastKnownFileType = sourcecode.c.objc; path = BADeadLock.m; sourceTree = "<group>"; };
		E87DF2FD254581A3004A35DF /* BALoader.h */ = {isa = PBXFileReference; lastKnownFileType = sourcecode.c.h; path = BALoader.h; sourceTree = "<group>"; };
		E87DF2FE254581A3004A35DF /* BALoader.m */ = {isa = PBXFileReference; lastKnownFileType = sourcecode.c.objc; path = BALoader.m; sourceTree = "<group>"; };
		E87DF303254581D9004A35DF /* BALoaderChlid.h */ = {isa = PBXFileReference; lastKnownFileType = sourcecode.c.h; path = BALoaderChlid.h; sourceTree = "<group>"; };
		E87DF304254581D9004A35DF /* BALoaderChlid.m */ = {isa = PBXFileReference; lastKnownFileType = sourcecode.c.objc; path = BALoaderChlid.m; sourceTree = "<group>"; };
		E87DF30925458232004A35DF /* BALoader+BACategory.h */ = {isa = PBXFileReference; lastKnownFileType = sourcecode.c.h; path = "BALoader+BACategory.h"; sourceTree = "<group>"; };
		E87DF30A25458232004A35DF /* BALoader+BACategory.m */ = {isa = PBXFileReference; lastKnownFileType = sourcecode.c.objc; path = "BALoader+BACategory.m"; sourceTree = "<group>"; };
		E87DF30F254582FF004A35DF /* BALoaderChlid+BACategory.h */ = {isa = PBXFileReference; lastKnownFileType = sourcecode.c.h; path = "BALoaderChlid+BACategory.h"; sourceTree = "<group>"; };
		E87DF310254582FF004A35DF /* BALoaderChlid+BACategory.m */ = {isa = PBXFileReference; lastKnownFileType = sourcecode.c.objc; path = "BALoaderChlid+BACategory.m"; sourceTree = "<group>"; };
		E87DF3182545890F004A35DF /* Loader.md */ = {isa = PBXFileReference; lastKnownFileType = net.daringfireball.markdown; path = Loader.md; sourceTree = "<group>"; };
		E87DF31A254597FA004A35DF /* ResponderChain.md */ = {isa = PBXFileReference; lastKnownFileType = net.daringfireball.markdown; path = ResponderChain.md; sourceTree = "<group>"; };
		E8A17A5A2541B42600F8A4A9 /* BAJSCoreViewController.h */ = {isa = PBXFileReference; lastKnownFileType = sourcecode.c.h; path = BAJSCoreViewController.h; sourceTree = "<group>"; };
		E8A17A5B2541B42600F8A4A9 /* BAJSCoreViewController.m */ = {isa = PBXFileReference; lastKnownFileType = sourcecode.c.objc; path = BAJSCoreViewController.m; sourceTree = "<group>"; };
		E8A17A6025428DD800F8A4A9 /* index.html */ = {isa = PBXFileReference; lastKnownFileType = text.html; path = index.html; sourceTree = "<group>"; };
		E8A1D6882542B254002A3B19 /* AF.md */ = {isa = PBXFileReference; lastKnownFileType = net.daringfireball.markdown; path = AF.md; sourceTree = "<group>"; };
		E8B28D47253D9C7400D9ADC9 /* command.md */ = {isa = PBXFileReference; lastKnownFileType = net.daringfireball.markdown; path = command.md; sourceTree = "<group>"; };
		E8B2901E25402A1B00D9ADC9 /* BACrashHandler.h */ = {isa = PBXFileReference; lastKnownFileType = sourcecode.c.h; path = BACrashHandler.h; sourceTree = "<group>"; };
		E8B2901F25402A1B00D9ADC9 /* BACrashHandler.m */ = {isa = PBXFileReference; lastKnownFileType = sourcecode.c.objc; path = BACrashHandler.m; sourceTree = "<group>"; };
		E8B2902725402EA700D9ADC9 /* README.md */ = {isa = PBXFileReference; lastKnownFileType = net.daringfireball.markdown; path = README.md; sourceTree = "<group>"; };
		E8E2BA052553F81B00CD00AB /* RunLoop.md */ = {isa = PBXFileReference; lastKnownFileType = net.daringfireball.markdown; path = RunLoop.md; sourceTree = "<group>"; };
		E8E2BA132554193300CD00AB /* BARunLoop.h */ = {isa = PBXFileReference; lastKnownFileType = sourcecode.c.h; path = BARunLoop.h; sourceTree = "<group>"; };
		E8E2BA142554193300CD00AB /* BARunLoop.m */ = {isa = PBXFileReference; lastKnownFileType = sourcecode.c.objc; path = BARunLoop.m; sourceTree = "<group>"; };
		E8FC00632525C25B00B72328 /* BiteApple.app */ = {isa = PBXFileReference; explicitFileType = wrapper.application; includeInIndex = 0; path = BiteApple.app; sourceTree = BUILT_PRODUCTS_DIR; };
		E8FC00662525C25B00B72328 /* AppDelegate.h */ = {isa = PBXFileReference; lastKnownFileType = sourcecode.c.h; path = AppDelegate.h; sourceTree = "<group>"; };
		E8FC00672525C25B00B72328 /* AppDelegate.m */ = {isa = PBXFileReference; lastKnownFileType = sourcecode.c.objc; path = AppDelegate.m; sourceTree = "<group>"; };
		E8FC00692525C25B00B72328 /* SceneDelegate.h */ = {isa = PBXFileReference; lastKnownFileType = sourcecode.c.h; path = SceneDelegate.h; sourceTree = "<group>"; };
		E8FC006A2525C25B00B72328 /* SceneDelegate.m */ = {isa = PBXFileReference; lastKnownFileType = sourcecode.c.objc; path = SceneDelegate.m; sourceTree = "<group>"; };
		E8FC006C2525C25B00B72328 /* ViewController.h */ = {isa = PBXFileReference; lastKnownFileType = sourcecode.c.h; path = ViewController.h; sourceTree = "<group>"; };
		E8FC006D2525C25B00B72328 /* ViewController.m */ = {isa = PBXFileReference; lastKnownFileType = sourcecode.c.objc; path = ViewController.m; sourceTree = "<group>"; };
		E8FC00702525C25B00B72328 /* Base */ = {isa = PBXFileReference; lastKnownFileType = file.storyboard; name = Base; path = Base.lproj/Main.storyboard; sourceTree = "<group>"; };
		E8FC00722525C25D00B72328 /* Assets.xcassets */ = {isa = PBXFileReference; lastKnownFileType = folder.assetcatalog; path = Assets.xcassets; sourceTree = "<group>"; };
		E8FC00752525C25D00B72328 /* Base */ = {isa = PBXFileReference; lastKnownFileType = file.storyboard; name = Base; path = Base.lproj/LaunchScreen.storyboard; sourceTree = "<group>"; };
		E8FC00772525C25D00B72328 /* Info.plist */ = {isa = PBXFileReference; lastKnownFileType = text.plist.xml; path = Info.plist; sourceTree = "<group>"; };
		E8FC00782525C25D00B72328 /* main.m */ = {isa = PBXFileReference; lastKnownFileType = sourcecode.c.objc; path = main.m; sourceTree = "<group>"; };
		E8FC007E2525C25D00B72328 /* BiteAppleTests.xctest */ = {isa = PBXFileReference; explicitFileType = wrapper.cfbundle; includeInIndex = 0; path = BiteAppleTests.xctest; sourceTree = BUILT_PRODUCTS_DIR; };
		E8FC00822525C25D00B72328 /* BiteAppleTests.m */ = {isa = PBXFileReference; lastKnownFileType = sourcecode.c.objc; path = BiteAppleTests.m; sourceTree = "<group>"; };
		E8FC00842525C25D00B72328 /* Info.plist */ = {isa = PBXFileReference; lastKnownFileType = text.plist.xml; path = Info.plist; sourceTree = "<group>"; };
		E8FC00892525C25D00B72328 /* BiteAppleUITests.xctest */ = {isa = PBXFileReference; explicitFileType = wrapper.cfbundle; includeInIndex = 0; path = BiteAppleUITests.xctest; sourceTree = BUILT_PRODUCTS_DIR; };
		E8FC008D2525C25D00B72328 /* BiteAppleUITests.m */ = {isa = PBXFileReference; lastKnownFileType = sourcecode.c.objc; path = BiteAppleUITests.m; sourceTree = "<group>"; };
		E8FC008F2525C25D00B72328 /* Info.plist */ = {isa = PBXFileReference; lastKnownFileType = text.plist.xml; path = Info.plist; sourceTree = "<group>"; };
		E8FC00A22525C62D00B72328 /* ObjcMsgSend.h */ = {isa = PBXFileReference; lastKnownFileType = sourcecode.c.h; path = ObjcMsgSend.h; sourceTree = "<group>"; };
		E8FC00A32525C62D00B72328 /* ObjcMsgSend.m */ = {isa = PBXFileReference; lastKnownFileType = sourcecode.c.objc; path = ObjcMsgSend.m; sourceTree = "<group>"; };
		E8FC00AB2525C66F00B72328 /* README.md */ = {isa = PBXFileReference; lastKnownFileType = net.daringfireball.markdown; path = README.md; sourceTree = "<group>"; };
		E8FC00B42526AFF100B72328 /* BADsipatchGroup.h */ = {isa = PBXFileReference; lastKnownFileType = sourcecode.c.h; path = BADsipatchGroup.h; sourceTree = "<group>"; };
		E8FC00B52526AFF100B72328 /* BADsipatchGroup.m */ = {isa = PBXFileReference; lastKnownFileType = sourcecode.c.objc; path = BADsipatchGroup.m; sourceTree = "<group>"; };
		E8FC00BF2526C7CC00B72328 /* README.md */ = {isa = PBXFileReference; lastKnownFileType = net.daringfireball.markdown; path = README.md; sourceTree = "<group>"; };
		E8FC00C02526C7D700B72328 /* README.md */ = {isa = PBXFileReference; lastKnownFileType = net.daringfireball.markdown; path = README.md; sourceTree = "<group>"; };
		E8FC00C12526C7E400B72328 /* README.md */ = {isa = PBXFileReference; lastKnownFileType = net.daringfireball.markdown; path = README.md; sourceTree = "<group>"; };
/* End PBXFileReference section */

/* Begin PBXFrameworksBuildPhase section */
		E8FC00602525C25B00B72328 /* Frameworks */ = {
			isa = PBXFrameworksBuildPhase;
			buildActionMask = 2147483647;
			files = (
				6B1B24FED8E27E6C3D555732 /* libPods-BiteApple.a in Frameworks */,
			);
			runOnlyForDeploymentPostprocessing = 0;
		};
		E8FC007B2525C25D00B72328 /* Frameworks */ = {
			isa = PBXFrameworksBuildPhase;
			buildActionMask = 2147483647;
			files = (
			);
			runOnlyForDeploymentPostprocessing = 0;
		};
		E8FC00862525C25D00B72328 /* Frameworks */ = {
			isa = PBXFrameworksBuildPhase;
			buildActionMask = 2147483647;
			files = (
			);
			runOnlyForDeploymentPostprocessing = 0;
		};
/* End PBXFrameworksBuildPhase section */

/* Begin PBXGroup section */
		2484928F1822B1613DEC600A /* Pods */ = {
			isa = PBXGroup;
			children = (
				669728858F2DE1DA2E51AB5F /* Pods-BiteApple.debug.xcconfig */,
				1451670AD7B394428CD5B0F0 /* Pods-BiteApple.release.xcconfig */,
			);
			path = Pods;
			sourceTree = "<group>";
		};
		617BB6892555070000393D4D /* Anim */ = {
			isa = PBXGroup;
			children = (
				617BB68A2555092400393D4D /* BAAnimation.h */,
				617BB68B2555092400393D4D /* BAAnimation.m */,
			);
			path = Anim;
			sourceTree = "<group>";
		};
		617BB6932555201F00393D4D /* KVO */ = {
			isa = PBXGroup;
			children = (
				617BB6942555203400393D4D /* BAKVOModel.h */,
				617BB6952555203400393D4D /* BAKVOModel.m */,
			);
			path = KVO;
			sourceTree = "<group>";
		};
		617BB69D2555243B00393D4D /* Block */ = {
			isa = PBXGroup;
			children = (
				617BB69E2555246000393D4D /* BACalculateTwoNumber.h */,
				617BB69F2555246000393D4D /* BACalculateTwoNumber.m */,
			);
			path = Block;
			sourceTree = "<group>";
		};
		6301E2C44F17855C9F028439 /* Frameworks */ = {
			isa = PBXGroup;
			children = (
				38208D9A0F7D5982F7A29FA7 /* libPods-BiteApple.a */,
			);
			name = Frameworks;
			sourceTree = "<group>";
		};
		E87DF31925459774004A35DF /* UI */ = {
			isa = PBXGroup;
			children = (
				E87DF31A254597FA004A35DF /* ResponderChain.md */,
				E82B1A4C254670460075A141 /* QNChannelGuideHeadView.h */,
				E82B1A4D254670460075A141 /* QNChannelGuideHeadView.m */,
				E82B1D2E254A62040075A141 /* BAMultiPageView.h */,
				E82B1D2F254A62040075A141 /* BAMultiPageView.m */,
				E82B1D34254A631D0075A141 /* BAMultiPageViewController.h */,
				E82B1D35254A631D0075A141 /* BAMultiPageViewController.m */,
				E82B1D3D254ABD760075A141 /* BAResponseChainView.h */,
				E82B1D3E254ABD760075A141 /* BAResponseChainView.m */,
			);
			path = UI;
			sourceTree = "<group>";
		};
		E8B28D46253D9C1C00D9ADC9 /* Notes */ = {
			isa = PBXGroup;
			children = (
				E8B28D47253D9C7400D9ADC9 /* command.md */,
				E8A1D6882542B254002A3B19 /* AF.md */,
			);
			path = Notes;
			sourceTree = "<group>";
		};
		E8B2901A254029EA00D9ADC9 /* Crash */ = {
			isa = PBXGroup;
			children = (
				E8B2901E25402A1B00D9ADC9 /* BACrashHandler.h */,
				E8B2901F25402A1B00D9ADC9 /* BACrashHandler.m */,
				E8B2902725402EA700D9ADC9 /* README.md */,
			);
			path = Crash;
			sourceTree = "<group>";
		};
		E8E2BA042553F80100CD00AB /* RunLoop */ = {
			isa = PBXGroup;
			children = (
				E8E2BA052553F81B00CD00AB /* RunLoop.md */,
				E8E2BA132554193300CD00AB /* BARunLoop.h */,
				E8E2BA142554193300CD00AB /* BARunLoop.m */,
			);
			path = RunLoop;
			sourceTree = "<group>";
		};
		E8FC005A2525C25B00B72328 = {
			isa = PBXGroup;
			children = (
				E8FC00652525C25B00B72328 /* BiteApple */,
				E8FC00812525C25D00B72328 /* BiteAppleTests */,
				E8FC008C2525C25D00B72328 /* BiteAppleUITests */,
				E8FC00642525C25B00B72328 /* Products */,
				2484928F1822B1613DEC600A /* Pods */,
				6301E2C44F17855C9F028439 /* Frameworks */,
			);
			sourceTree = "<group>";
		};
		E8FC00642525C25B00B72328 /* Products */ = {
			isa = PBXGroup;
			children = (
				E8FC00632525C25B00B72328 /* BiteApple.app */,
				E8FC007E2525C25D00B72328 /* BiteAppleTests.xctest */,
				E8FC00892525C25D00B72328 /* BiteAppleUITests.xctest */,
			);
			name = Products;
			sourceTree = "<group>";
		};
		E8FC00652525C25B00B72328 /* BiteApple */ = {
			isa = PBXGroup;
			children = (
				E8FC00662525C25B00B72328 /* AppDelegate.h */,
				E8FC00672525C25B00B72328 /* AppDelegate.m */,
				E8FC00692525C25B00B72328 /* SceneDelegate.h */,
				E8FC006A2525C25B00B72328 /* SceneDelegate.m */,
				E8FC006C2525C25B00B72328 /* ViewController.h */,
				E8FC006D2525C25B00B72328 /* ViewController.m */,
				617BB69D2555243B00393D4D /* Block */,
				617BB6932555201F00393D4D /* KVO */,
				617BB6892555070000393D4D /* Anim */,
				E8E2BA042553F80100CD00AB /* RunLoop */,
				E87DF31925459774004A35DF /* UI */,
				E8B2901A254029EA00D9ADC9 /* Crash */,
				E8B28D46253D9C1C00D9ADC9 /* Notes */,
				E8FC00BE2526C7B700B72328 /* Category */,
				E8FC00BD2526C7A200B72328 /* JS */,
				E8FC00A12525C60600B72328 /* Runtime */,
				E8FC00B32526AF5600B72328 /* Thread */,
				E8FC006F2525C25B00B72328 /* Main.storyboard */,
				E8FC00722525C25D00B72328 /* Assets.xcassets */,
				E8FC00742525C25D00B72328 /* LaunchScreen.storyboard */,
				E8FC00772525C25D00B72328 /* Info.plist */,
				E8FC00782525C25D00B72328 /* main.m */,
			);
			path = BiteApple;
			sourceTree = "<group>";
		};
		E8FC00812525C25D00B72328 /* BiteAppleTests */ = {
			isa = PBXGroup;
			children = (
				E8FC00822525C25D00B72328 /* BiteAppleTests.m */,
				E8FC00842525C25D00B72328 /* Info.plist */,
			);
			path = BiteAppleTests;
			sourceTree = "<group>";
		};
		E8FC008C2525C25D00B72328 /* BiteAppleUITests */ = {
			isa = PBXGroup;
			children = (
				E8FC008D2525C25D00B72328 /* BiteAppleUITests.m */,
				E8FC008F2525C25D00B72328 /* Info.plist */,
			);
			path = BiteAppleUITests;
			sourceTree = "<group>";
		};
		E8FC00A12525C60600B72328 /* Runtime */ = {
			isa = PBXGroup;
			children = (
				E8FC00A22525C62D00B72328 /* ObjcMsgSend.h */,
				E8FC00A32525C62D00B72328 /* ObjcMsgSend.m */,
				E8FC00AB2525C66F00B72328 /* README.md */,
				E87DF2FD254581A3004A35DF /* BALoader.h */,
				E87DF2FE254581A3004A35DF /* BALoader.m */,
				E87DF303254581D9004A35DF /* BALoaderChlid.h */,
				E87DF304254581D9004A35DF /* BALoaderChlid.m */,
				E87DF30F254582FF004A35DF /* BALoaderChlid+BACategory.h */,
				E87DF310254582FF004A35DF /* BALoaderChlid+BACategory.m */,
				E87DF30925458232004A35DF /* BALoader+BACategory.h */,
				E87DF30A25458232004A35DF /* BALoader+BACategory.m */,
				E87DF3182545890F004A35DF /* Loader.md */,
				E82B204C254D8FA70075A141 /* Block.md */,
			);
			path = Runtime;
			sourceTree = "<group>";
		};
		E8FC00B32526AF5600B72328 /* Thread */ = {
			isa = PBXGroup;
			children = (
				E8FC00B42526AFF100B72328 /* BADsipatchGroup.h */,
				E8FC00B52526AFF100B72328 /* BADsipatchGroup.m */,
				E8FC00BF2526C7CC00B72328 /* README.md */,
				E87DF2F62545595E004A35DF /* BADeadLock.h */,
				E87DF2F72545595E004A35DF /* BADeadLock.m */,
				E82B1B662547BA3A0075A141 /* BAThread.h */,
				E82B1B672547BA3A0075A141 /* BAThread.m */,
			);
			path = Thread;
			sourceTree = "<group>";
		};
		E8FC00BD2526C7A200B72328 /* JS */ = {
			isa = PBXGroup;
			children = (
				E8FC00C02526C7D700B72328 /* README.md */,
				E8A17A5A2541B42600F8A4A9 /* BAJSCoreViewController.h */,
				E8A17A5B2541B42600F8A4A9 /* BAJSCoreViewController.m */,
				E8A17A6025428DD800F8A4A9 /* index.html */,
			);
			path = JS;
			sourceTree = "<group>";
		};
		E8FC00BE2526C7B700B72328 /* Category */ = {
			isa = PBXGroup;
			children = (
				E8FC00C12526C7E400B72328 /* README.md */,
			);
			path = Category;
			sourceTree = "<group>";
		};
/* End PBXGroup section */

/* Begin PBXNativeTarget section */
		E8FC00622525C25B00B72328 /* BiteApple */ = {
			isa = PBXNativeTarget;
			buildConfigurationList = E8FC00922525C25D00B72328 /* Build configuration list for PBXNativeTarget "BiteApple" */;
			buildPhases = (
				17BDB7117643126013D8B0F8 /* [CP] Check Pods Manifest.lock */,
				E8FC005F2525C25B00B72328 /* Sources */,
				E8FC00602525C25B00B72328 /* Frameworks */,
				E8FC00612525C25B00B72328 /* Resources */,
			);
			buildRules = (
			);
			dependencies = (
			);
			name = BiteApple;
			productName = BiteApple;
			productReference = E8FC00632525C25B00B72328 /* BiteApple.app */;
			productType = "com.apple.product-type.application";
		};
		E8FC007D2525C25D00B72328 /* BiteAppleTests */ = {
			isa = PBXNativeTarget;
			buildConfigurationList = E8FC00952525C25D00B72328 /* Build configuration list for PBXNativeTarget "BiteAppleTests" */;
			buildPhases = (
				E8FC007A2525C25D00B72328 /* Sources */,
				E8FC007B2525C25D00B72328 /* Frameworks */,
				E8FC007C2525C25D00B72328 /* Resources */,
			);
			buildRules = (
			);
			dependencies = (
				E8FC00802525C25D00B72328 /* PBXTargetDependency */,
			);
			name = BiteAppleTests;
			productName = BiteAppleTests;
			productReference = E8FC007E2525C25D00B72328 /* BiteAppleTests.xctest */;
			productType = "com.apple.product-type.bundle.unit-test";
		};
		E8FC00882525C25D00B72328 /* BiteAppleUITests */ = {
			isa = PBXNativeTarget;
			buildConfigurationList = E8FC00982525C25D00B72328 /* Build configuration list for PBXNativeTarget "BiteAppleUITests" */;
			buildPhases = (
				E8FC00852525C25D00B72328 /* Sources */,
				E8FC00862525C25D00B72328 /* Frameworks */,
				E8FC00872525C25D00B72328 /* Resources */,
			);
			buildRules = (
			);
			dependencies = (
				E8FC008B2525C25D00B72328 /* PBXTargetDependency */,
			);
			name = BiteAppleUITests;
			productName = BiteAppleUITests;
			productReference = E8FC00892525C25D00B72328 /* BiteAppleUITests.xctest */;
			productType = "com.apple.product-type.bundle.ui-testing";
		};
/* End PBXNativeTarget section */

/* Begin PBXProject section */
		E8FC005B2525C25B00B72328 /* Project object */ = {
			isa = PBXProject;
			attributes = {
				LastUpgradeCheck = 1200;
				TargetAttributes = {
					E8FC00622525C25B00B72328 = {
						CreatedOnToolsVersion = 12.0;
					};
					E8FC007D2525C25D00B72328 = {
						CreatedOnToolsVersion = 12.0;
						TestTargetID = E8FC00622525C25B00B72328;
					};
					E8FC00882525C25D00B72328 = {
						CreatedOnToolsVersion = 12.0;
						TestTargetID = E8FC00622525C25B00B72328;
					};
				};
			};
			buildConfigurationList = E8FC005E2525C25B00B72328 /* Build configuration list for PBXProject "BiteApple" */;
			compatibilityVersion = "Xcode 9.3";
			developmentRegion = en;
			hasScannedForEncodings = 0;
			knownRegions = (
				en,
				Base,
			);
			mainGroup = E8FC005A2525C25B00B72328;
			productRefGroup = E8FC00642525C25B00B72328 /* Products */;
			projectDirPath = "";
			projectRoot = "";
			targets = (
				E8FC00622525C25B00B72328 /* BiteApple */,
				E8FC007D2525C25D00B72328 /* BiteAppleTests */,
				E8FC00882525C25D00B72328 /* BiteAppleUITests */,
			);
		};
/* End PBXProject section */

/* Begin PBXResourcesBuildPhase section */
		E8FC00612525C25B00B72328 /* Resources */ = {
			isa = PBXResourcesBuildPhase;
			buildActionMask = 2147483647;
			files = (
				E8FC00762525C25D00B72328 /* LaunchScreen.storyboard in Resources */,
				E8A17A6125428DD800F8A4A9 /* index.html in Resources */,
				E8FC00732525C25D00B72328 /* Assets.xcassets in Resources */,
				E8FC00712525C25B00B72328 /* Main.storyboard in Resources */,
			);
			runOnlyForDeploymentPostprocessing = 0;
		};
		E8FC007C2525C25D00B72328 /* Resources */ = {
			isa = PBXResourcesBuildPhase;
			buildActionMask = 2147483647;
			files = (
			);
			runOnlyForDeploymentPostprocessing = 0;
		};
		E8FC00872525C25D00B72328 /* Resources */ = {
			isa = PBXResourcesBuildPhase;
			buildActionMask = 2147483647;
			files = (
			);
			runOnlyForDeploymentPostprocessing = 0;
		};
/* End PBXResourcesBuildPhase section */

/* Begin PBXShellScriptBuildPhase section */
		17BDB7117643126013D8B0F8 /* [CP] Check Pods Manifest.lock */ = {
			isa = PBXShellScriptBuildPhase;
			buildActionMask = 2147483647;
			files = (
			);
			inputFileListPaths = (
			);
			inputPaths = (
				"${PODS_PODFILE_DIR_PATH}/Podfile.lock",
				"${PODS_ROOT}/Manifest.lock",
			);
			name = "[CP] Check Pods Manifest.lock";
			outputFileListPaths = (
			);
			outputPaths = (
				"$(DERIVED_FILE_DIR)/Pods-BiteApple-checkManifestLockResult.txt",
			);
			runOnlyForDeploymentPostprocessing = 0;
			shellPath = /bin/sh;
			shellScript = "diff \"${PODS_PODFILE_DIR_PATH}/Podfile.lock\" \"${PODS_ROOT}/Manifest.lock\" > /dev/null\nif [ $? != 0 ] ; then\n    # print error to STDERR\n    echo \"error: The sandbox is not in sync with the Podfile.lock. Run 'pod install' or update your CocoaPods installation.\" >&2\n    exit 1\nfi\n# This output is used by Xcode 'outputs' to avoid re-running this script phase.\necho \"SUCCESS\" > \"${SCRIPT_OUTPUT_FILE_0}\"\n";
			showEnvVarsInLog = 0;
		};
/* End PBXShellScriptBuildPhase section */

/* Begin PBXSourcesBuildPhase section */
		E8FC005F2525C25B00B72328 /* Sources */ = {
			isa = PBXSourcesBuildPhase;
			buildActionMask = 2147483647;
			files = (
				E82B1A4E254670460075A141 /* QNChannelGuideHeadView.m in Sources */,
				E82B1D36254A631D0075A141 /* BAMultiPageViewController.m in Sources */,
				E8FC006E2525C25B00B72328 /* ViewController.m in Sources */,
				E82B1D30254A62040075A141 /* BAMultiPageView.m in Sources */,
				E8FC00682525C25B00B72328 /* AppDelegate.m in Sources */,
				E87DF30B25458232004A35DF /* BALoader+BACategory.m in Sources */,
				E8FC00B62526AFF100B72328 /* BADsipatchGroup.m in Sources */,
				E87DF311254582FF004A35DF /* BALoaderChlid+BACategory.m in Sources */,
				E87DF2FF254581A3004A35DF /* BALoader.m in Sources */,
				E8A17A5C2541B42600F8A4A9 /* BAJSCoreViewController.m in Sources */,
				617BB6962555203400393D4D /* BAKVOModel.m in Sources */,
				E82B1B682547BA3A0075A141 /* BAThread.m in Sources */,
				617BB68C2555092400393D4D /* BAAnimation.m in Sources */,
				E8FC00792525C25D00B72328 /* main.m in Sources */,
				E82B1D3F254ABD760075A141 /* BAResponseChainView.m in Sources */,
				E8FC006B2525C25B00B72328 /* SceneDelegate.m in Sources */,
				E8B2902025402A1B00D9ADC9 /* BACrashHandler.m in Sources */,
				E87DF2F82545595E004A35DF /* BADeadLock.m in Sources */,
				E8E2BA152554193300CD00AB /* BARunLoop.m in Sources */,
				E8FC00A42525C62D00B72328 /* ObjcMsgSend.m in Sources */,
				E87DF305254581D9004A35DF /* BALoaderChlid.m in Sources */,
				617BB6A02555246000393D4D /* BACalculateTwoNumber.m in Sources */,
			);
			runOnlyForDeploymentPostprocessing = 0;
		};
		E8FC007A2525C25D00B72328 /* Sources */ = {
			isa = PBXSourcesBuildPhase;
			buildActionMask = 2147483647;
			files = (
				E8FC00832525C25D00B72328 /* BiteAppleTests.m in Sources */,
			);
			runOnlyForDeploymentPostprocessing = 0;
		};
		E8FC00852525C25D00B72328 /* Sources */ = {
			isa = PBXSourcesBuildPhase;
			buildActionMask = 2147483647;
			files = (
				E8FC008E2525C25D00B72328 /* BiteAppleUITests.m in Sources */,
			);
			runOnlyForDeploymentPostprocessing = 0;
		};
/* End PBXSourcesBuildPhase section */

/* Begin PBXTargetDependency section */
		E8FC00802525C25D00B72328 /* PBXTargetDependency */ = {
			isa = PBXTargetDependency;
			target = E8FC00622525C25B00B72328 /* BiteApple */;
			targetProxy = E8FC007F2525C25D00B72328 /* PBXContainerItemProxy */;
		};
		E8FC008B2525C25D00B72328 /* PBXTargetDependency */ = {
			isa = PBXTargetDependency;
			target = E8FC00622525C25B00B72328 /* BiteApple */;
			targetProxy = E8FC008A2525C25D00B72328 /* PBXContainerItemProxy */;
		};
/* End PBXTargetDependency section */

/* Begin PBXVariantGroup section */
		E8FC006F2525C25B00B72328 /* Main.storyboard */ = {
			isa = PBXVariantGroup;
			children = (
				E8FC00702525C25B00B72328 /* Base */,
			);
			name = Main.storyboard;
			sourceTree = "<group>";
		};
		E8FC00742525C25D00B72328 /* LaunchScreen.storyboard */ = {
			isa = PBXVariantGroup;
			children = (
				E8FC00752525C25D00B72328 /* Base */,
			);
			name = LaunchScreen.storyboard;
			sourceTree = "<group>";
		};
/* End PBXVariantGroup section */

/* Begin XCBuildConfiguration section */
		E8FC00902525C25D00B72328 /* Debug */ = {
			isa = XCBuildConfiguration;
			buildSettings = {
				ALWAYS_SEARCH_USER_PATHS = NO;
				CLANG_ANALYZER_NONNULL = YES;
				CLANG_ANALYZER_NUMBER_OBJECT_CONVERSION = YES_AGGRESSIVE;
				CLANG_CXX_LANGUAGE_STANDARD = "gnu++14";
				CLANG_CXX_LIBRARY = "libc++";
				CLANG_ENABLE_MODULES = YES;
				CLANG_ENABLE_OBJC_ARC = YES;
				CLANG_ENABLE_OBJC_WEAK = YES;
				CLANG_WARN_BLOCK_CAPTURE_AUTORELEASING = YES;
				CLANG_WARN_BOOL_CONVERSION = YES;
				CLANG_WARN_COMMA = YES;
				CLANG_WARN_CONSTANT_CONVERSION = YES;
				CLANG_WARN_DEPRECATED_OBJC_IMPLEMENTATIONS = YES;
				CLANG_WARN_DIRECT_OBJC_ISA_USAGE = YES_ERROR;
				CLANG_WARN_DOCUMENTATION_COMMENTS = YES;
				CLANG_WARN_EMPTY_BODY = YES;
				CLANG_WARN_ENUM_CONVERSION = YES;
				CLANG_WARN_INFINITE_RECURSION = YES;
				CLANG_WARN_INT_CONVERSION = YES;
				CLANG_WARN_NON_LITERAL_NULL_CONVERSION = YES;
				CLANG_WARN_OBJC_IMPLICIT_RETAIN_SELF = YES;
				CLANG_WARN_OBJC_LITERAL_CONVERSION = YES;
				CLANG_WARN_OBJC_ROOT_CLASS = YES_ERROR;
				CLANG_WARN_QUOTED_INCLUDE_IN_FRAMEWORK_HEADER = YES;
				CLANG_WARN_RANGE_LOOP_ANALYSIS = YES;
				CLANG_WARN_STRICT_PROTOTYPES = YES;
				CLANG_WARN_SUSPICIOUS_MOVE = YES;
				CLANG_WARN_UNGUARDED_AVAILABILITY = YES_AGGRESSIVE;
				CLANG_WARN_UNREACHABLE_CODE = YES;
				CLANG_WARN__DUPLICATE_METHOD_MATCH = YES;
				COPY_PHASE_STRIP = NO;
				DEBUG_INFORMATION_FORMAT = dwarf;
				ENABLE_STRICT_OBJC_MSGSEND = NO;
				ENABLE_TESTABILITY = YES;
				GCC_C_LANGUAGE_STANDARD = gnu11;
				GCC_DYNAMIC_NO_PIC = NO;
				GCC_NO_COMMON_BLOCKS = YES;
				GCC_OPTIMIZATION_LEVEL = 0;
				GCC_PREPROCESSOR_DEFINITIONS = (
					"DEBUG=1",
					"$(inherited)",
				);
				GCC_WARN_64_TO_32_BIT_CONVERSION = YES;
				GCC_WARN_ABOUT_RETURN_TYPE = YES_ERROR;
				GCC_WARN_UNDECLARED_SELECTOR = YES;
				GCC_WARN_UNINITIALIZED_AUTOS = YES_AGGRESSIVE;
				GCC_WARN_UNUSED_FUNCTION = YES;
				GCC_WARN_UNUSED_VARIABLE = YES;
				IPHONEOS_DEPLOYMENT_TARGET = 14.0;
				MTL_ENABLE_DEBUG_INFO = INCLUDE_SOURCE;
				MTL_FAST_MATH = YES;
				ONLY_ACTIVE_ARCH = YES;
				SDKROOT = iphoneos;
			};
			name = Debug;
		};
		E8FC00912525C25D00B72328 /* Release */ = {
			isa = XCBuildConfiguration;
			buildSettings = {
				ALWAYS_SEARCH_USER_PATHS = NO;
				CLANG_ANALYZER_NONNULL = YES;
				CLANG_ANALYZER_NUMBER_OBJECT_CONVERSION = YES_AGGRESSIVE;
				CLANG_CXX_LANGUAGE_STANDARD = "gnu++14";
				CLANG_CXX_LIBRARY = "libc++";
				CLANG_ENABLE_MODULES = YES;
				CLANG_ENABLE_OBJC_ARC = YES;
				CLANG_ENABLE_OBJC_WEAK = YES;
				CLANG_WARN_BLOCK_CAPTURE_AUTORELEASING = YES;
				CLANG_WARN_BOOL_CONVERSION = YES;
				CLANG_WARN_COMMA = YES;
				CLANG_WARN_CONSTANT_CONVERSION = YES;
				CLANG_WARN_DEPRECATED_OBJC_IMPLEMENTATIONS = YES;
				CLANG_WARN_DIRECT_OBJC_ISA_USAGE = YES_ERROR;
				CLANG_WARN_DOCUMENTATION_COMMENTS = YES;
				CLANG_WARN_EMPTY_BODY = YES;
				CLANG_WARN_ENUM_CONVERSION = YES;
				CLANG_WARN_INFINITE_RECURSION = YES;
				CLANG_WARN_INT_CONVERSION = YES;
				CLANG_WARN_NON_LITERAL_NULL_CONVERSION = YES;
				CLANG_WARN_OBJC_IMPLICIT_RETAIN_SELF = YES;
				CLANG_WARN_OBJC_LITERAL_CONVERSION = YES;
				CLANG_WARN_OBJC_ROOT_CLASS = YES_ERROR;
				CLANG_WARN_QUOTED_INCLUDE_IN_FRAMEWORK_HEADER = YES;
				CLANG_WARN_RANGE_LOOP_ANALYSIS = YES;
				CLANG_WARN_STRICT_PROTOTYPES = YES;
				CLANG_WARN_SUSPICIOUS_MOVE = YES;
				CLANG_WARN_UNGUARDED_AVAILABILITY = YES_AGGRESSIVE;
				CLANG_WARN_UNREACHABLE_CODE = YES;
				CLANG_WARN__DUPLICATE_METHOD_MATCH = YES;
				COPY_PHASE_STRIP = NO;
				DEBUG_INFORMATION_FORMAT = "dwarf-with-dsym";
				ENABLE_NS_ASSERTIONS = NO;
				ENABLE_STRICT_OBJC_MSGSEND = NO;
				GCC_C_LANGUAGE_STANDARD = gnu11;
				GCC_NO_COMMON_BLOCKS = YES;
				GCC_WARN_64_TO_32_BIT_CONVERSION = YES;
				GCC_WARN_ABOUT_RETURN_TYPE = YES_ERROR;
				GCC_WARN_UNDECLARED_SELECTOR = YES;
				GCC_WARN_UNINITIALIZED_AUTOS = YES_AGGRESSIVE;
				GCC_WARN_UNUSED_FUNCTION = YES;
				GCC_WARN_UNUSED_VARIABLE = YES;
				IPHONEOS_DEPLOYMENT_TARGET = 14.0;
				MTL_ENABLE_DEBUG_INFO = NO;
				MTL_FAST_MATH = YES;
				SDKROOT = iphoneos;
				VALIDATE_PRODUCT = YES;
			};
			name = Release;
		};
		E8FC00932525C25D00B72328 /* Debug */ = {
			isa = XCBuildConfiguration;
			baseConfigurationReference = 669728858F2DE1DA2E51AB5F /* Pods-BiteApple.debug.xcconfig */;
			buildSettings = {
				ASSETCATALOG_COMPILER_APPICON_NAME = AppIcon;
				ASSETCATALOG_COMPILER_GLOBAL_ACCENT_COLOR_NAME = AccentColor;
				CODE_SIGN_STYLE = Automatic;
				INFOPLIST_FILE = BiteApple/Info.plist;
				LD_RUNPATH_SEARCH_PATHS = (
					"$(inherited)",
					"@executable_path/Frameworks",
				);
				PRODUCT_BUNDLE_IDENTIFIER = com.hello.git.BiteApple;
				PRODUCT_NAME = "$(TARGET_NAME)";
				TARGETED_DEVICE_FAMILY = "1,2";
			};
			name = Debug;
		};
		E8FC00942525C25D00B72328 /* Release */ = {
			isa = XCBuildConfiguration;
			baseConfigurationReference = 1451670AD7B394428CD5B0F0 /* Pods-BiteApple.release.xcconfig */;
			buildSettings = {
				ASSETCATALOG_COMPILER_APPICON_NAME = AppIcon;
				ASSETCATALOG_COMPILER_GLOBAL_ACCENT_COLOR_NAME = AccentColor;
				CODE_SIGN_STYLE = Automatic;
				INFOPLIST_FILE = BiteApple/Info.plist;
				LD_RUNPATH_SEARCH_PATHS = (
					"$(inherited)",
					"@executable_path/Frameworks",
				);
				PRODUCT_BUNDLE_IDENTIFIER = com.hello.git.BiteApple;
				PRODUCT_NAME = "$(TARGET_NAME)";
				TARGETED_DEVICE_FAMILY = "1,2";
			};
			name = Release;
		};
		E8FC00962525C25D00B72328 /* Debug */ = {
			isa = XCBuildConfiguration;
			buildSettings = {
				BUNDLE_LOADER = "$(TEST_HOST)";
				CODE_SIGN_STYLE = Automatic;
				INFOPLIST_FILE = BiteAppleTests/Info.plist;
				IPHONEOS_DEPLOYMENT_TARGET = 14.0;
				LD_RUNPATH_SEARCH_PATHS = (
					"$(inherited)",
					"@executable_path/Frameworks",
					"@loader_path/Frameworks",
				);
				PRODUCT_BUNDLE_IDENTIFIER = com.hello.git.BiteAppleTests;
				PRODUCT_NAME = "$(TARGET_NAME)";
				TARGETED_DEVICE_FAMILY = "1,2";
				TEST_HOST = "$(BUILT_PRODUCTS_DIR)/BiteApple.app/BiteApple";
			};
			name = Debug;
		};
		E8FC00972525C25D00B72328 /* Release */ = {
			isa = XCBuildConfiguration;
			buildSettings = {
				BUNDLE_LOADER = "$(TEST_HOST)";
				CODE_SIGN_STYLE = Automatic;
				INFOPLIST_FILE = BiteAppleTests/Info.plist;
				IPHONEOS_DEPLOYMENT_TARGET = 14.0;
				LD_RUNPATH_SEARCH_PATHS = (
					"$(inherited)",
					"@executable_path/Frameworks",
					"@loader_path/Frameworks",
				);
				PRODUCT_BUNDLE_IDENTIFIER = com.hello.git.BiteAppleTests;
				PRODUCT_NAME = "$(TARGET_NAME)";
				TARGETED_DEVICE_FAMILY = "1,2";
				TEST_HOST = "$(BUILT_PRODUCTS_DIR)/BiteApple.app/BiteApple";
			};
			name = Release;
		};
		E8FC00992525C25D00B72328 /* Debug */ = {
			isa = XCBuildConfiguration;
			buildSettings = {
				CODE_SIGN_STYLE = Automatic;
				INFOPLIST_FILE = BiteAppleUITests/Info.plist;
				LD_RUNPATH_SEARCH_PATHS = (
					"$(inherited)",
					"@executable_path/Frameworks",
					"@loader_path/Frameworks",
				);
				PRODUCT_BUNDLE_IDENTIFIER = com.hello.git.BiteAppleUITests;
				PRODUCT_NAME = "$(TARGET_NAME)";
				TARGETED_DEVICE_FAMILY = "1,2";
				TEST_TARGET_NAME = BiteApple;
			};
			name = Debug;
		};
		E8FC009A2525C25D00B72328 /* Release */ = {
			isa = XCBuildConfiguration;
			buildSettings = {
				CODE_SIGN_STYLE = Automatic;
				INFOPLIST_FILE = BiteAppleUITests/Info.plist;
				LD_RUNPATH_SEARCH_PATHS = (
					"$(inherited)",
					"@executable_path/Frameworks",
					"@loader_path/Frameworks",
				);
				PRODUCT_BUNDLE_IDENTIFIER = com.hello.git.BiteAppleUITests;
				PRODUCT_NAME = "$(TARGET_NAME)";
				TARGETED_DEVICE_FAMILY = "1,2";
				TEST_TARGET_NAME = BiteApple;
			};
			name = Release;
		};
/* End XCBuildConfiguration section */

/* Begin XCConfigurationList section */
		E8FC005E2525C25B00B72328 /* Build configuration list for PBXProject "BiteApple" */ = {
			isa = XCConfigurationList;
			buildConfigurations = (
				E8FC00902525C25D00B72328 /* Debug */,
				E8FC00912525C25D00B72328 /* Release */,
			);
			defaultConfigurationIsVisible = 0;
			defaultConfigurationName = Release;
		};
		E8FC00922525C25D00B72328 /* Build configuration list for PBXNativeTarget "BiteApple" */ = {
			isa = XCConfigurationList;
			buildConfigurations = (
				E8FC00932525C25D00B72328 /* Debug */,
				E8FC00942525C25D00B72328 /* Release */,
			);
			defaultConfigurationIsVisible = 0;
			defaultConfigurationName = Release;
		};
		E8FC00952525C25D00B72328 /* Build configuration list for PBXNativeTarget "BiteAppleTests" */ = {
			isa = XCConfigurationList;
			buildConfigurations = (
				E8FC00962525C25D00B72328 /* Debug */,
				E8FC00972525C25D00B72328 /* Release */,
			);
			defaultConfigurationIsVisible = 0;
			defaultConfigurationName = Release;
		};
		E8FC00982525C25D00B72328 /* Build configuration list for PBXNativeTarget "BiteAppleUITests" */ = {
			isa = XCConfigurationList;
			buildConfigurations = (
				E8FC00992525C25D00B72328 /* Debug */,
				E8FC009A2525C25D00B72328 /* Release */,
			);
			defaultConfigurationIsVisible = 0;
			defaultConfigurationName = Release;
		};
/* End XCConfigurationList section */
	};
	rootObject = E8FC005B2525C25B00B72328 /* Project object */;
}
